// !$*UTF8*$!
{
	archiveVersion = 1;
	classes = {
	};
	objectVersion = 56;
	objects = {

/* Begin PBXBuildFile section */
		C9F4D5CA24277F66DCB9430B /* Pods_learn_diary.framework in Frameworks */ = {isa = PBXBuildFile; fileRef = DDEB5D8F0E6268F8FDABDBFA /* Pods_learn_diary.framework */; };
		D177F8772D0F0D3200FDB685 /* PhotosViewController.m in Sources */ = {isa = PBXBuildFile; fileRef = D177F8762D0F0D3200FDB685 /* PhotosViewController.m */; };
		D1A3C4CF2CDF5356004D3901 /* AppDelegate.m in Sources */ = {isa = PBXBuildFile; fileRef = D1A3C4CE2CDF5356004D3901 /* AppDelegate.m */; };
		D1A3C4D52CDF5356004D3901 /* ViewController.m in Sources */ = {isa = PBXBuildFile; fileRef = D1A3C4D42CDF5356004D3901 /* ViewController.m */; };
		D1A3C4DA2CDF5359004D3901 /* Assets.xcassets in Resources */ = {isa = PBXBuildFile; fileRef = D1A3C4D92CDF5359004D3901 /* Assets.xcassets */; };
		D1A997FD2CDF55AB003797EC /* main.m in Sources */ = {isa = PBXBuildFile; fileRef = D1A997FC2CDF55AB003797EC /* main.m */; };
		D1B18E772CF356700055CA2E /* CPersion.m in Sources */ = {isa = PBXBuildFile; fileRef = D1B18E762CF356700055CA2E /* CPersion.m */; };
		D1F875382D0EA7E7000A6EAA /* CWBaseViewController.m in Sources */ = {isa = PBXBuildFile; fileRef = D1F875372D0EA7E7000A6EAA /* CWBaseViewController.m */; };
/* End PBXBuildFile section */

/* Begin PBXFileReference section */
		2A73CE847CA90C3CA6D0AEF8 /* Pods-learn_diary.release.xcconfig */ = {isa = PBXFileReference; includeInIndex = 1; lastKnownFileType = text.xcconfig; name = "Pods-learn_diary.release.xcconfig"; path = "Target Support Files/Pods-learn_diary/Pods-learn_diary.release.xcconfig"; sourceTree = "<group>"; };
		79BA2EDC33659F26A52F11CE /* Pods-learn_diary.debug.xcconfig */ = {isa = PBXFileReference; includeInIndex = 1; lastKnownFileType = text.xcconfig; name = "Pods-learn_diary.debug.xcconfig"; path = "Target Support Files/Pods-learn_diary/Pods-learn_diary.debug.xcconfig"; sourceTree = "<group>"; };
		D177F8752D0F0D3200FDB685 /* PhotosViewController.h */ = {isa = PBXFileReference; lastKnownFileType = sourcecode.c.h; path = PhotosViewController.h; sourceTree = "<group>"; };
		D177F8762D0F0D3200FDB685 /* PhotosViewController.m */ = {isa = PBXFileReference; lastKnownFileType = sourcecode.c.objc; path = PhotosViewController.m; sourceTree = "<group>"; };
		D1A3C4CA2CDF5356004D3901 /* learn_diary.app */ = {isa = PBXFileReference; explicitFileType = wrapper.application; includeInIndex = 0; path = learn_diary.app; sourceTree = BUILT_PRODUCTS_DIR; };
		D1A3C4CD2CDF5356004D3901 /* AppDelegate.h */ = {isa = PBXFileReference; lastKnownFileType = sourcecode.c.h; path = AppDelegate.h; sourceTree = "<group>"; };
		D1A3C4CE2CDF5356004D3901 /* AppDelegate.m */ = {isa = PBXFileReference; lastKnownFileType = sourcecode.c.objc; path = AppDelegate.m; sourceTree = "<group>"; };
		D1A3C4D32CDF5356004D3901 /* ViewController.h */ = {isa = PBXFileReference; lastKnownFileType = sourcecode.c.h; path = ViewController.h; sourceTree = "<group>"; };
		D1A3C4D42CDF5356004D3901 /* ViewController.m */ = {isa = PBXFileReference; lastKnownFileType = sourcecode.c.objc; path = ViewController.m; sourceTree = "<group>"; };
		D1A3C4D92CDF5359004D3901 /* Assets.xcassets */ = {isa = PBXFileReference; lastKnownFileType = folder.assetcatalog; path = Assets.xcassets; sourceTree = "<group>"; };
		D1A3C4DE2CDF5359004D3901 /* Info.plist */ = {isa = PBXFileReference; lastKnownFileType = text.plist.xml; path = Info.plist; sourceTree = "<group>"; };
		D1A997FC2CDF55AB003797EC /* main.m */ = {isa = PBXFileReference; fileEncoding = 4; lastKnownFileType = sourcecode.c.objc; path = main.m; sourceTree = "<group>"; };
		D1B18E752CF356700055CA2E /* CPersion.h */ = {isa = PBXFileReference; lastKnownFileType = sourcecode.c.h; path = CPersion.h; sourceTree = "<group>"; };
		D1B18E762CF356700055CA2E /* CPersion.m */ = {isa = PBXFileReference; lastKnownFileType = sourcecode.c.objc; path = CPersion.m; sourceTree = "<group>"; };
		D1C908C12D0EAFC1006081B7 /* CWFoundation.h */ = {isa = PBXFileReference; lastKnownFileType = sourcecode.c.h; path = CWFoundation.h; sourceTree = "<group>"; };
		D1F875362D0EA7E7000A6EAA /* CWBaseViewController.h */ = {isa = PBXFileReference; lastKnownFileType = sourcecode.c.h; path = CWBaseViewController.h; sourceTree = "<group>"; };
		D1F875372D0EA7E7000A6EAA /* CWBaseViewController.m */ = {isa = PBXFileReference; lastKnownFileType = sourcecode.c.objc; path = CWBaseViewController.m; sourceTree = "<group>"; };
		DDEB5D8F0E6268F8FDABDBFA /* Pods_learn_diary.framework */ = {isa = PBXFileReference; explicitFileType = wrapper.framework; includeInIndex = 0; path = Pods_learn_diary.framework; sourceTree = BUILT_PRODUCTS_DIR; };
/* End PBXFileReference section */

/* Begin PBXFrameworksBuildPhase section */
		D1A3C4C72CDF5356004D3901 /* Frameworks */ = {
			isa = PBXFrameworksBuildPhase;
			buildActionMask = 2147483647;
			files = (
				C9F4D5CA24277F66DCB9430B /* Pods_learn_diary.framework in Frameworks */,
			);
			runOnlyForDeploymentPostprocessing = 0;
		};
/* End PBXFrameworksBuildPhase section */

/* Begin PBXGroup section */
		14D0FEB0B24FB6EF619AE4EE /* Pods */ = {
			isa = PBXGroup;
			children = (
				79BA2EDC33659F26A52F11CE /* Pods-learn_diary.debug.xcconfig */,
				2A73CE847CA90C3CA6D0AEF8 /* Pods-learn_diary.release.xcconfig */,
			);
			path = Pods;
			sourceTree = "<group>";
		};
		D1A3C4C12CDF5356004D3901 = {
			isa = PBXGroup;
			children = (
				D1A3C4CC2CDF5356004D3901 /* learn_diary */,
				D1A3C4CB2CDF5356004D3901 /* Products */,
				14D0FEB0B24FB6EF619AE4EE /* Pods */,
				EFB89B59D2634C0F717AD0CE /* Frameworks */,
			);
			sourceTree = "<group>";
		};
		D1A3C4CB2CDF5356004D3901 /* Products */ = {
			isa = PBXGroup;
			children = (
				D1A3C4CA2CDF5356004D3901 /* learn_diary.app */,
			);
			name = Products;
			sourceTree = "<group>";
		};
		D1A3C4CC2CDF5356004D3901 /* learn_diary */ = {
			isa = PBXGroup;
			children = (
				D1F875352D0EA7BD000A6EAA /* Base */,
				D1F875342D0EA7A5000A6EAA /* PhotosDemo */,
				D1A3C4D32CDF5356004D3901 /* ViewController.h */,
				D1A3C4D42CDF5356004D3901 /* ViewController.m */,
				D1B18E752CF356700055CA2E /* CPersion.h */,
				D1B18E762CF356700055CA2E /* CPersion.m */,
			);
			path = learn_diary;
			sourceTree = "<group>";
		};
		D1F875342D0EA7A5000A6EAA /* PhotosDemo */ = {
			isa = PBXGroup;
			children = (
				D177F8752D0F0D3200FDB685 /* PhotosViewController.h */,
				D177F8762D0F0D3200FDB685 /* PhotosViewController.m */,
			);
			path = PhotosDemo;
			sourceTree = "<group>";
		};
		D1F875352D0EA7BD000A6EAA /* Base */ = {
			isa = PBXGroup;
			children = (
				D1F875362D0EA7E7000A6EAA /* CWBaseViewController.h */,
				D1F875372D0EA7E7000A6EAA /* CWBaseViewController.m */,
				D1C908C12D0EAFC1006081B7 /* CWFoundation.h */,
				D1A3C4D92CDF5359004D3901 /* Assets.xcassets */,
				D1A3C4DE2CDF5359004D3901 /* Info.plist */,
				D1A997FC2CDF55AB003797EC /* main.m */,
				D1A3C4CD2CDF5356004D3901 /* AppDelegate.h */,
				D1A3C4CE2CDF5356004D3901 /* AppDelegate.m */,
			);
			path = Base;
			sourceTree = "<group>";
		};
		EFB89B59D2634C0F717AD0CE /* Frameworks */ = {
			isa = PBXGroup;
			children = (
				DDEB5D8F0E6268F8FDABDBFA /* Pods_learn_diary.framework */,
			);
			name = Frameworks;
			sourceTree = "<group>";
		};
/* End PBXGroup section */

/* Begin PBXNativeTarget section */
		D1A3C4C92CDF5356004D3901 /* learn_diary */ = {
			isa = PBXNativeTarget;
			buildConfigurationList = D1A3C4E32CDF5359004D3901 /* Build configuration list for PBXNativeTarget "learn_diary" */;
			buildPhases = (
				9B525081EF57A94BFAF546B1 /* [CP] Check Pods Manifest.lock */,
				D1A3C4C62CDF5356004D3901 /* Sources */,
				D1A3C4C72CDF5356004D3901 /* Frameworks */,
				D1A3C4C82CDF5356004D3901 /* Resources */,
				B4E27E7933673AF3EB6AA96F /* [CP] Embed Pods Frameworks */,
			);
			buildRules = (
			);
			dependencies = (
			);
			name = learn_diary;
			productName = learn_diary;
			productReference = D1A3C4CA2CDF5356004D3901 /* learn_diary.app */;
			productType = "com.apple.product-type.application";
		};
/* End PBXNativeTarget section */

/* Begin PBXProject section */
		D1A3C4C22CDF5356004D3901 /* Project object */ = {
			isa = PBXProject;
			attributes = {
				BuildIndependentTargetsInParallel = 1;
				LastUpgradeCheck = 1540;
				TargetAttributes = {
					D1A3C4C92CDF5356004D3901 = {
						CreatedOnToolsVersion = 15.4;
					};
				};
			};
			buildConfigurationList = D1A3C4C52CDF5356004D3901 /* Build configuration list for PBXProject "learn_diary" */;
			compatibilityVersion = "Xcode 14.0";
			developmentRegion = en;
			hasScannedForEncodings = 0;
			knownRegions = (
				en,
				Base,
			);
			mainGroup = D1A3C4C12CDF5356004D3901;
			productRefGroup = D1A3C4CB2CDF5356004D3901 /* Products */;
			projectDirPath = "";
			projectRoot = "";
			targets = (
				D1A3C4C92CDF5356004D3901 /* learn_diary */,
			);
		};
/* End PBXProject section */

/* Begin PBXResourcesBuildPhase section */
		D1A3C4C82CDF5356004D3901 /* Resources */ = {
			isa = PBXResourcesBuildPhase;
			buildActionMask = 2147483647;
			files = (
				D1A3C4DA2CDF5359004D3901 /* Assets.xcassets in Resources */,
			);
			runOnlyForDeploymentPostprocessing = 0;
		};
/* End PBXResourcesBuildPhase section */

/* Begin PBXShellScriptBuildPhase section */
		9B525081EF57A94BFAF546B1 /* [CP] Check Pods Manifest.lock */ = {
			isa = PBXShellScriptBuildPhase;
			buildActionMask = 2147483647;
			files = (
			);
			inputFileListPaths = (
			);
			inputPaths = (
				"${PODS_PODFILE_DIR_PATH}/Podfile.lock",
				"${PODS_ROOT}/Manifest.lock",
			);
			name = "[CP] Check Pods Manifest.lock";
			outputFileListPaths = (
			);
			outputPaths = (
				"$(DERIVED_FILE_DIR)/Pods-learn_diary-checkManifestLockResult.txt",
			);
			runOnlyForDeploymentPostprocessing = 0;
			shellPath = /bin/sh;
			shellScript = "diff \"${PODS_PODFILE_DIR_PATH}/Podfile.lock\" \"${PODS_ROOT}/Manifest.lock\" > /dev/null\nif [ $? != 0 ] ; then\n    # print error to STDERR\n    echo \"error: The sandbox is not in sync with the Podfile.lock. Run 'pod install' or update your CocoaPods installation.\" >&2\n    exit 1\nfi\n# This output is used by Xcode 'outputs' to avoid re-running this script phase.\necho \"SUCCESS\" > \"${SCRIPT_OUTPUT_FILE_0}\"\n";
			showEnvVarsInLog = 0;
		};
		B4E27E7933673AF3EB6AA96F /* [CP] Embed Pods Frameworks */ = {
			isa = PBXShellScriptBuildPhase;
			buildActionMask = 2147483647;
			files = (
			);
			inputFileListPaths = (
				"${PODS_ROOT}/Target Support Files/Pods-learn_diary/Pods-learn_diary-frameworks-${CONFIGURATION}-input-files.xcfilelist",
			);
			name = "[CP] Embed Pods Frameworks";
			outputFileListPaths = (
				"${PODS_ROOT}/Target Support Files/Pods-learn_diary/Pods-learn_diary-frameworks-${CONFIGURATION}-output-files.xcfilelist",
			);
			runOnlyForDeploymentPostprocessing = 0;
			shellPath = /bin/sh;
			shellScript = "\"${PODS_ROOT}/Target Support Files/Pods-learn_diary/Pods-learn_diary-frameworks.sh\"\n";
			showEnvVarsInLog = 0;
		};
/* End PBXShellScriptBuildPhase section */

/* Begin PBXSourcesBuildPhase section */
		D1A3C4C62CDF5356004D3901 /* Sources */ = {
			isa = PBXSourcesBuildPhase;
			buildActionMask = 2147483647;
			files = (
				D1B18E772CF356700055CA2E /* CPersion.m in Sources */,
				D177F8772D0F0D3200FDB685 /* PhotosViewController.m in Sources */,
				D1A3C4D52CDF5356004D3901 /* ViewController.m in Sources */,
				D1F875382D0EA7E7000A6EAA /* CWBaseViewController.m in Sources */,
				D1A997FD2CDF55AB003797EC /* main.m in Sources */,
				D1A3C4CF2CDF5356004D3901 /* AppDelegate.m in Sources */,
			);
			runOnlyForDeploymentPostprocessing = 0;
		};
/* End PBXSourcesBuildPhase section */

/* Begin XCBuildConfiguration section */
		D1A3C4E12CDF5359004D3901 /* Debug */ = {
			isa = XCBuildConfiguration;
			buildSettings = {
				ALWAYS_SEARCH_USER_PATHS = NO;
				ASSETCATALOG_COMPILER_GENERATE_SWIFT_ASSET_SYMBOL_EXTENSIONS = YES;
				CLANG_ANALYZER_NONNULL = YES;
				CLANG_ANALYZER_NUMBER_OBJECT_CONVERSION = YES_AGGRESSIVE;
				CLANG_CXX_LANGUAGE_STANDARD = "gnu++20";
				CLANG_ENABLE_MODULES = YES;
				CLANG_ENABLE_OBJC_ARC = YES;
				CLANG_ENABLE_OBJC_WEAK = YES;
				CLANG_WARN_BLOCK_CAPTURE_AUTORELEASING = YES;
				CLANG_WARN_BOOL_CONVERSION = YES;
				CLANG_WARN_COMMA = YES;
				CLANG_WARN_CONSTANT_CONVERSION = YES;
				CLANG_WARN_DEPRECATED_OBJC_IMPLEMENTATIONS = YES;
				CLANG_WARN_DIRECT_OBJC_ISA_USAGE = YES_ERROR;
				CLANG_WARN_DOCUMENTATION_COMMENTS = YES;
				CLANG_WARN_EMPTY_BODY = YES;
				CLANG_WARN_ENUM_CONVERSION = YES;
				CLANG_WARN_INFINITE_RECURSION = YES;
				CLANG_WARN_INT_CONVERSION = YES;
				CLANG_WARN_NON_LITERAL_NULL_CONVERSION = YES;
				CLANG_WARN_OBJC_IMPLICIT_RETAIN_SELF = YES;
				CLANG_WARN_OBJC_LITERAL_CONVERSION = YES;
				CLANG_WARN_OBJC_ROOT_CLASS = YES_ERROR;
				CLANG_WARN_QUOTED_INCLUDE_IN_FRAMEWORK_HEADER = YES;
				CLANG_WARN_RANGE_LOOP_ANALYSIS = YES;
				CLANG_WARN_STRICT_PROTOTYPES = YES;
				CLANG_WARN_SUSPICIOUS_MOVE = YES;
				CLANG_WARN_UNGUARDED_AVAILABILITY = YES_AGGRESSIVE;
				CLANG_WARN_UNREACHABLE_CODE = YES;
				CLANG_WARN__DUPLICATE_METHOD_MATCH = YES;
				COPY_PHASE_STRIP = NO;
				DEBUG_INFORMATION_FORMAT = dwarf;
				ENABLE_STRICT_OBJC_MSGSEND = YES;
				ENABLE_TESTABILITY = YES;
				ENABLE_USER_SCRIPT_SANDBOXING = NO;
				GCC_C_LANGUAGE_STANDARD = gnu17;
				GCC_DYNAMIC_NO_PIC = NO;
				GCC_NO_COMMON_BLOCKS = YES;
				GCC_OPTIMIZATION_LEVEL = 0;
				GCC_PREPROCESSOR_DEFINITIONS = (
					"DEBUG=1",
					"$(inherited)",
				);
				GCC_WARN_64_TO_32_BIT_CONVERSION = YES;
				GCC_WARN_ABOUT_RETURN_TYPE = YES_ERROR;
				GCC_WARN_UNDECLARED_SELECTOR = YES;
				GCC_WARN_UNINITIALIZED_AUTOS = YES_AGGRESSIVE;
				GCC_WARN_UNUSED_FUNCTION = YES;
				GCC_WARN_UNUSED_VARIABLE = YES;
				IPHONEOS_DEPLOYMENT_TARGET = 17.5;
				LOCALIZATION_PREFERS_STRING_CATALOGS = YES;
				MTL_ENABLE_DEBUG_INFO = INCLUDE_SOURCE;
				MTL_FAST_MATH = YES;
				ONLY_ACTIVE_ARCH = YES;
				SDKROOT = iphoneos;
			};
			name = Debug;
		};
		D1A3C4E22CDF5359004D3901 /* Release */ = {
			isa = XCBuildConfiguration;
			buildSettings = {
				ALWAYS_SEARCH_USER_PATHS = NO;
				ASSETCATALOG_COMPILER_GENERATE_SWIFT_ASSET_SYMBOL_EXTENSIONS = YES;
				CLANG_ANALYZER_NONNULL = YES;
				CLANG_ANALYZER_NUMBER_OBJECT_CONVERSION = YES_AGGRESSIVE;
				CLANG_CXX_LANGUAGE_STANDARD = "gnu++20";
				CLANG_ENABLE_MODULES = YES;
				CLANG_ENABLE_OBJC_ARC = YES;
				CLANG_ENABLE_OBJC_WEAK = YES;
				CLANG_WARN_BLOCK_CAPTURE_AUTORELEASING = YES;
				CLANG_WARN_BOOL_CONVERSION = YES;
				CLANG_WARN_COMMA = YES;
				CLANG_WARN_CONSTANT_CONVERSION = YES;
				CLANG_WARN_DEPRECATED_OBJC_IMPLEMENTATIONS = YES;
				CLANG_WARN_DIRECT_OBJC_ISA_USAGE = YES_ERROR;
				CLANG_WARN_DOCUMENTATION_COMMENTS = YES;
				CLANG_WARN_EMPTY_BODY = YES;
				CLANG_WARN_ENUM_CONVERSION = YES;
				CLANG_WARN_INFINITE_RECURSION = YES;
				CLANG_WARN_INT_CONVERSION = YES;
				CLANG_WARN_NON_LITERAL_NULL_CONVERSION = YES;
				CLANG_WARN_OBJC_IMPLICIT_RETAIN_SELF = YES;
				CLANG_WARN_OBJC_LITERAL_CONVERSION = YES;
				CLANG_WARN_OBJC_ROOT_CLASS = YES_ERROR;
				CLANG_WARN_QUOTED_INCLUDE_IN_FRAMEWORK_HEADER = YES;
				CLANG_WARN_RANGE_LOOP_ANALYSIS = YES;
				CLANG_WARN_STRICT_PROTOTYPES = YES;
				CLANG_WARN_SUSPICIOUS_MOVE = YES;
				CLANG_WARN_UNGUARDED_AVAILABILITY = YES_AGGRESSIVE;
				CLANG_WARN_UNREACHABLE_CODE = YES;
				CLANG_WARN__DUPLICATE_METHOD_MATCH = YES;
				COPY_PHASE_STRIP = NO;
				DEBUG_INFORMATION_FORMAT = "dwarf-with-dsym";
				ENABLE_NS_ASSERTIONS = NO;
				ENABLE_STRICT_OBJC_MSGSEND = YES;
				ENABLE_USER_SCRIPT_SANDBOXING = NO;
				GCC_C_LANGUAGE_STANDARD = gnu17;
				GCC_NO_COMMON_BLOCKS = YES;
				GCC_WARN_64_TO_32_BIT_CONVERSION = YES;
				GCC_WARN_ABOUT_RETURN_TYPE = YES_ERROR;
				GCC_WARN_UNDECLARED_SELECTOR = YES;
				GCC_WARN_UNINITIALIZED_AUTOS = YES_AGGRESSIVE;
				GCC_WARN_UNUSED_FUNCTION = YES;
				GCC_WARN_UNUSED_VARIABLE = YES;
				IPHONEOS_DEPLOYMENT_TARGET = 17.5;
				LOCALIZATION_PREFERS_STRING_CATALOGS = YES;
				MTL_ENABLE_DEBUG_INFO = NO;
				MTL_FAST_MATH = YES;
				SDKROOT = iphoneos;
				VALIDATE_PRODUCT = YES;
			};
			name = Release;
		};
		D1A3C4E42CDF5359004D3901 /* Debug */ = {
			isa = XCBuildConfiguration;
			baseConfigurationReference = 79BA2EDC33659F26A52F11CE /* Pods-learn_diary.debug.xcconfig */;
			buildSettings = {
				ASSETCATALOG_COMPILER_APPICON_NAME = AppIcon;
				ASSETCATALOG_COMPILER_GLOBAL_ACCENT_COLOR_NAME = AccentColor;
				CODE_SIGN_STYLE = Automatic;
				CURRENT_PROJECT_VERSION = 1;
				DEVELOPMENT_TEAM = W3CHGH63KV;
				GENERATE_INFOPLIST_FILE = YES;
				INFOPLIST_FILE = learn_diary/Base/Info.plist;
				INFOPLIST_KEY_UIApplicationSupportsIndirectInputEvents = YES;
				INFOPLIST_KEY_UILaunchStoryboardName = LaunchScreen;
				INFOPLIST_KEY_UISupportedInterfaceOrientations_iPad = "UIInterfaceOrientationPortrait UIInterfaceOrientationPortraitUpsideDown UIInterfaceOrientationLandscapeLeft UIInterfaceOrientationLandscapeRight";
				INFOPLIST_KEY_UISupportedInterfaceOrientations_iPhone = "UIInterfaceOrientationPortrait UIInterfaceOrientationLandscapeLeft UIInterfaceOrientationLandscapeRight";
				IPHONEOS_DEPLOYMENT_TARGET = 12;
				LD_RUNPATH_SEARCH_PATHS = (
					"$(inherited)",
					"@executable_path/Frameworks",
				);
				MARKETING_VERSION = 1.0;
				ONLY_ACTIVE_ARCH = NO;
				PRODUCT_BUNDLE_IDENTIFIER = "chiehwang.learn-diary";
				PRODUCT_NAME = "$(TARGET_NAME)";
				SWIFT_EMIT_LOC_STRINGS = YES;
				TARGETED_DEVICE_FAMILY = "1,2";
				USER_HEADER_SEARCH_PATHS = (
					"$(SRCROOT)",
					"$(inherited)",
				);
			};
			name = Debug;
		};
		D1A3C4E52CDF5359004D3901 /* Release */ = {
			isa = XCBuildConfiguration;
			baseConfigurationReference = 2A73CE847CA90C3CA6D0AEF8 /* Pods-learn_diary.release.xcconfig */;
			buildSettings = {
				ASSETCATALOG_COMPILER_APPICON_NAME = AppIcon;
				ASSETCATALOG_COMPILER_GLOBAL_ACCENT_COLOR_NAME = AccentColor;
				CODE_SIGN_STYLE = Automatic;
				CURRENT_PROJECT_VERSION = 1;
				DEVELOPMENT_TEAM = W3CHGH63KV;
				GENERATE_INFOPLIST_FILE = YES;
				INFOPLIST_FILE = learn_diary/Base/Info.plist;
				INFOPLIST_KEY_UIApplicationSupportsIndirectInputEvents = YES;
				INFOPLIST_KEY_UILaunchStoryboardName = LaunchScreen;
				INFOPLIST_KEY_UISupportedInterfaceOrientations_iPad = "UIInterfaceOrientationPortrait UIInterfaceOrientationPortraitUpsideDown UIInterfaceOrientationLandscapeLeft UIInterfaceOrientationLandscapeRight";
				INFOPLIST_KEY_UISupportedInterfaceOrientations_iPhone = "UIInterfaceOrientationPortrait UIInterfaceOrientationLandscapeLeft UIInterfaceOrientationLandscapeRight";
				IPHONEOS_DEPLOYMENT_TARGET = 12;
				LD_RUNPATH_SEARCH_PATHS = (
					"$(inherited)",
					"@executable_path/Frameworks",
				);
				MARKETING_VERSION = 1.0;
				PRODUCT_BUNDLE_IDENTIFIER = "chiehwang.learn-diary";
				PRODUCT_NAME = "$(TARGET_NAME)";
				SWIFT_EMIT_LOC_STRINGS = YES;
				TARGETED_DEVICE_FAMILY = "1,2";
				USER_HEADER_SEARCH_PATHS = (
					"$(SRCROOT)",
					"$(inherited)",
				);
			};
			name = Release;
		};
/* End XCBuildConfiguration section */

/* Begin XCConfigurationList section */
		D1A3C4C52CDF5356004D3901 /* Build configuration list for PBXProject "learn_diary" */ = {
			isa = XCConfigurationList;
			buildConfigurations = (
				D1A3C4E12CDF5359004D3901 /* Debug */,
				D1A3C4E22CDF5359004D3901 /* Release */,
			);
			defaultConfigurationIsVisible = 0;
			defaultConfigurationName = Release;
		};
		D1A3C4E32CDF5359004D3901 /* Build configuration list for PBXNativeTarget "learn_diary" */ = {
			isa = XCConfigurationList;
			buildConfigurations = (
				D1A3C4E42CDF5359004D3901 /* Debug */,
				D1A3C4E52CDF5359004D3901 /* Release */,
			);
			defaultConfigurationIsVisible = 0;
			defaultConfigurationName = Release;
		};
/* End XCConfigurationList section */
	};
	rootObject = D1A3C4C22CDF5356004D3901 /* Project object */;
}
